
Microsoft Visual Studio Solution File, Format Version 12.00
# Visual Studio Version 17
VisualStudioVersion = 17.9.34728.123
MinimumVisualStudioVersion = 10.0.40219.1
Project("{FAE04EC0-301F-11D3-BF4B-00C04F79EFBC}") = "Numeros_primos", "Numeros_primos\Numeros_primos.csproj", "{4BC593D1-FA19-4758-BB34-54A9D195BB96}"
EndProject
Global
	GlobalSection(SolutionConfigurationPlatforms) = preSolution
		Debug|Any CPU = Debug|Any CPU
		Release|Any CPU = Release|Any CPU
	EndGlobalSection
	GlobalSection(ProjectConfigurationPlatforms) = postSolution
		{4BC593D1-FA19-4758-BB34-54A9D195BB96}.Debug|Any CPU.ActiveCfg = Debug|Any CPU
		{4BC593D1-FA19-4758-BB34-54A9D195BB96}.Debug|Any CPU.Build.0 = Debug|Any CPU
		{4BC593D1-FA19-4758-BB34-54A9D195BB96}.Release|Any CPU.ActiveCfg = Release|Any CPU
		{4BC593D1-FA19-4758-BB34-54A9D195BB96}.Release|Any CPU.Build.0 = Release|Any CPU
	EndGlobalSection
	GlobalSection(SolutionProperties) = preSolution
		HideSolutionNode = FALSE
	EndGlobalSection
	GlobalSection(ExtensibilityGlobals) = postSolution
		SolutionGuid = {1BA7B3A3-FF69-4F5C-9C26-C6C9CD12FCE6}
	EndGlobalSection
EndGlobal
